
Microsoft Visual Studio Solution File, Format Version 12.00
# Visual Studio Version 17
VisualStudioVersion = 17.9.34714.143
MinimumVisualStudioVersion = 10.0.40219.1
Project("{9A19103F-16F7-4668-BE54-9A1E7A4F7556}") = "MISA.LogStandard.Sample", "MISA.LogStandard.Sample\MISA.LogStandard.Sample.csproj", "{D96F8D41-46B5-4E8B-85A3-CB128799062A}"
EndProject
Project("{FAE04EC0-301F-11D3-BF4B-00C04F79EFBC}") = "MISA.LogStandard.Sample.Net6", "MISA.LogStandard.Sample.Net6\MISA.LogStandard.Sample.Net6.csproj", "{3DE5ECFA-B410-4F29-836A-9150F63318CF}"
EndProject
Project("{FAE04EC0-301F-11D3-BF4B-00C04F79EFBC}") = "MISA.LogStandard.Sample.Net6V2", "MISA.LogStandard.Sample.Net6V2\MISA.LogStandard.Sample.Net6V2.csproj", "{81931491-C01B-4281-A5E5-609B72BA4DB1}"
EndProject
Global
	GlobalSection(SolutionConfigurationPlatforms) = preSolution
		Debug|Any CPU = Debug|Any CPU
		Release|Any CPU = Release|Any CPU
	EndGlobalSection
	GlobalSection(ProjectConfigurationPlatforms) = postSolution
		{D96F8D41-46B5-4E8B-85A3-CB128799062A}.Debug|Any CPU.ActiveCfg = Debug|Any CPU
		{D96F8D41-46B5-4E8B-85A3-CB128799062A}.Debug|Any CPU.Build.0 = Debug|Any CPU
		{D96F8D41-46B5-4E8B-85A3-CB128799062A}.Release|Any CPU.ActiveCfg = Release|Any CPU
		{D96F8D41-46B5-4E8B-85A3-CB128799062A}.Release|Any CPU.Build.0 = Release|Any CPU
		{3DE5ECFA-B410-4F29-836A-9150F63318CF}.Debug|Any CPU.ActiveCfg = Debug|Any CPU
		{3DE5ECFA-B410-4F29-836A-9150F63318CF}.Debug|Any CPU.Build.0 = Debug|Any CPU
		{3DE5ECFA-B410-4F29-836A-9150F63318CF}.Release|Any CPU.ActiveCfg = Release|Any CPU
		{3DE5ECFA-B410-4F29-836A-9150F63318CF}.Release|Any CPU.Build.0 = Release|Any CPU
		{81931491-C01B-4281-A5E5-609B72BA4DB1}.Debug|Any CPU.ActiveCfg = Debug|Any CPU
		{81931491-C01B-4281-A5E5-609B72BA4DB1}.Debug|Any CPU.Build.0 = Debug|Any CPU
		{81931491-C01B-4281-A5E5-609B72BA4DB1}.Release|Any CPU.ActiveCfg = Release|Any CPU
		{81931491-C01B-4281-A5E5-609B72BA4DB1}.Release|Any CPU.Build.0 = Release|Any CPU
	EndGlobalSection
	GlobalSection(SolutionProperties) = preSolution
		HideSolutionNode = FALSE
	EndGlobalSection
	GlobalSection(ExtensibilityGlobals) = postSolution
		SolutionGuid = {53AA86B8-2429-43D0-AE5E-C3742CE3CA3A}
	EndGlobalSection
EndGlobal
